{
  "lockfileVersion": 1,
  "workspaces": {
    "": {
      "name": "janfig",
      "devDependencies": {
        "@biomejs/biome": "^2.0.0",
        "@janfig/biome": "workspace:*",
        "@janfig/tsconfig": "workspace:*",
        "@moonrepo/cli": "^1.37.2",
        "@types/bun": "^1.2.16",
        "typescript": "^5.8.3",
      },
    },
    "packages/biome": {
      "name": "@janfig/biome",
      "version": "0.1.0",
    },
    "packages/tsconfig": {
      "name": "@janfig/tsconfig",
      "version": "0.1.1",
    },
  },
  "trustedDependencies": [
    "@moonrepo/cli",
  ],
  "packages": {
    "@biomejs/biome": ["@biomejs/biome@2.0.0", "", { "optionalDependencies": { "@biomejs/cli-darwin-arm64": "2.0.0", "@biomejs/cli-darwin-x64": "2.0.0", "@biomejs/cli-linux-arm64": "2.0.0", "@biomejs/cli-linux-arm64-musl": "2.0.0", "@biomejs/cli-linux-x64": "2.0.0", "@biomejs/cli-linux-x64-musl": "2.0.0", "@biomejs/cli-win32-arm64": "2.0.0", "@biomejs/cli-win32-x64": "2.0.0" }, "bin": { "biome": "bin/biome" } }, "sha512-BlUoXEOI/UQTDEj/pVfnkMo8SrZw3oOWBDrXYFT43V7HTkIUDkBRY53IC5Jx1QkZbaB+0ai1wJIfYwp9+qaJTQ=="],

    "@biomejs/cli-darwin-arm64": ["@biomejs/cli-darwin-arm64@2.0.0", "", { "os": "darwin", "cpu": "arm64" }, "sha512-QvqWYtFFhhxdf8jMAdJzXW+Frc7X8XsnHQLY+TBM1fnT1TfeV/v9vsFI5L2J7GH6qN1+QEEJ19jHibCY2Ypplw=="],

    "@biomejs/cli-darwin-x64": ["@biomejs/cli-darwin-x64@2.0.0", "", { "os": "darwin", "cpu": "x64" }, "sha512-5JFhls1EfmuIH4QGFPlNpxJQFC6ic3X1ltcoLN+eSRRIPr6H/lUS1ttuD0Fj7rPgPhZqopK/jfH8UVj/1hIsQw=="],

    "@biomejs/cli-linux-arm64": ["@biomejs/cli-linux-arm64@2.0.0", "", { "os": "linux", "cpu": "arm64" }, "sha512-BAH4QVi06TzAbVchXdJPsL0Z/P87jOfes15rI+p3EX9/EGTfIjaQ9lBVlHunxcmoptaA5y1Hdb9UYojIhmnjIw=="],

    "@biomejs/cli-linux-arm64-musl": ["@biomejs/cli-linux-arm64-musl@2.0.0", "", { "os": "linux", "cpu": "arm64" }, "sha512-Bxsz8ki8+b3PytMnS5SgrGV+mbAWwIxI3ydChb/d1rURlJTMdxTTq5LTebUnlsUWAX6OvJuFeiVq9Gjn1YbCyA=="],

    "@biomejs/cli-linux-x64": ["@biomejs/cli-linux-x64@2.0.0", "", { "os": "linux", "cpu": "x64" }, "sha512-09PcOGYTtkopWRm6mZ/B6Mr6UHdkniUgIG/jLBv+2J8Z61ezRE+xQmpi3yNgUrFIAU4lPA9atg7mhvE/5Bo7Wg=="],

    "@biomejs/cli-linux-x64-musl": ["@biomejs/cli-linux-x64-musl@2.0.0", "", { "os": "linux", "cpu": "x64" }, "sha512-tiQ0ABxMJb9I6GlfNp0ulrTiQSFacJRJO8245FFwE3ty3bfsfxlU/miblzDIi+qNrgGsLq5wIZcVYGp4c+HXZA=="],

    "@biomejs/cli-win32-arm64": ["@biomejs/cli-win32-arm64@2.0.0", "", { "os": "win32", "cpu": "arm64" }, "sha512-vrTtuGu91xNTEQ5ZcMJBZuDlqr32DWU1r14UfePIGndF//s2WUAmer4FmgoPgruo76rprk37e8S2A2c0psXdxw=="],

    "@biomejs/cli-win32-x64": ["@biomejs/cli-win32-x64@2.0.0", "", { "os": "win32", "cpu": "x64" }, "sha512-2USVQ0hklNsph/KIR72ZdeptyXNnQ3JdzPn3NbjI4Sna34CnxeiYAaZcZzXPDl5PYNFBivV4xmvT3Z3rTmyDBg=="],

    "@janfig/biome": ["@janfig/biome@workspace:packages/biome"],

    "@janfig/tsconfig": ["@janfig/tsconfig@workspace:packages/tsconfig"],

    "@moonrepo/cli": ["@moonrepo/cli@1.37.2", "", { "dependencies": { "detect-libc": "^2.0.3" }, "optionalDependencies": { "@moonrepo/core-linux-arm64-gnu": "1.37.2", "@moonrepo/core-linux-arm64-musl": "1.37.2", "@moonrepo/core-linux-x64-gnu": "1.37.2", "@moonrepo/core-linux-x64-musl": "1.37.2", "@moonrepo/core-macos-arm64": "1.37.2", "@moonrepo/core-macos-x64": "1.37.2", "@moonrepo/core-windows-x64-msvc": "1.37.2" }, "bin": { "moon": "moon.js" } }, "sha512-PWxsA2NOQAfywF7DJB7oFGd9KTM9r43OMbQyWFPFL6t3UYHKU31PHRbPPJOJrBHS2cvoSkUPsF768k98pouHvw=="],

    "@moonrepo/core-linux-arm64-gnu": ["@moonrepo/core-linux-arm64-gnu@1.37.2", "", { "os": "linux", "cpu": "arm64" }, "sha512-D6EnkBv0hbcAK9NAKtpKvsh5p0nKJlP2nQ5H2skrovx/pzX/WFZiA7DfyiruqTFoki+kC4KQCv1ZtdpiXhDnrQ=="],

    "@moonrepo/core-linux-arm64-musl": ["@moonrepo/core-linux-arm64-musl@1.37.2", "", { "os": "linux", "cpu": "arm64" }, "sha512-YPND6qQOG1wY1YVIpyhQAb8t1Gkpx8auJ2kv3gCTat4+yZ/jMCqsWbr0JpbGnBpBY67hEIk8Of0T98utyf4euA=="],

    "@moonrepo/core-linux-x64-gnu": ["@moonrepo/core-linux-x64-gnu@1.37.2", "", { "os": "linux", "cpu": "x64" }, "sha512-sRmq7CKQcG6gtOWviTsq+timPwrhuWThPF58J8U2TubJwYIthS+UwEL0npFBROg7P7XR8KPvv9Vf2aXdkExOUQ=="],

    "@moonrepo/core-linux-x64-musl": ["@moonrepo/core-linux-x64-musl@1.37.2", "", { "os": "linux", "cpu": "x64" }, "sha512-DCVkqpnrAzWODdQtWeZOg4o3sMJdawAr1Vy1Kx4ZYNYMROhP2dZJOmntLx6xny197MV1rDeifR7soDlnHasP4Q=="],

    "@moonrepo/core-macos-arm64": ["@moonrepo/core-macos-arm64@1.37.2", "", { "os": "darwin", "cpu": "arm64" }, "sha512-fWBYuYDcT3re/4hYfbdDOda02Rj5rbvypr8DBzAK2WIRR5kM8GUoiihZF1dFb+JG9epqjhjJhxzSWZ7OFVih2Q=="],

    "@moonrepo/core-macos-x64": ["@moonrepo/core-macos-x64@1.37.2", "", { "os": "darwin", "cpu": "x64" }, "sha512-oiCs06jJ6OPr+7zcUfWuBjV+7058wJB5CDZ9OfMSVIS2VW7hWqWfgzIAt5w+HeHrrOLZhH2ByxXMpAhHpAGz2w=="],

    "@moonrepo/core-windows-x64-msvc": ["@moonrepo/core-windows-x64-msvc@1.37.2", "", { "os": "win32", "cpu": "x64" }, "sha512-B0fhh3NIqCmb+YwRBHU3QU8sS/ZUpTlLLroSaYusnVSGcr3pmWJWJCD1KAZH3wyNUwIE8zx4S2e06FOoGDi3gg=="],

    "@types/bun": ["@types/bun@1.2.16", "", { "dependencies": { "bun-types": "1.2.16" } }, "sha512-1aCZJ/6nSiViw339RsaNhkNoEloLaPzZhxMOYEa7OzRzO41IGg5n/7I43/ZIAW/c+Q6cT12Vf7fOZOoVIzb5BQ=="],

    "@types/node": ["@types/node@22.15.21", "", { "dependencies": { "undici-types": "~6.21.0" } }, "sha512-EV/37Td6c+MgKAbkcLG6vqZ2zEYHD7bvSrzqqs2RIhbA6w3x+Dqz8MZM3sP6kGTeLrdoOgKZe+Xja7tUB2DNkQ=="],

    "bun-types": ["bun-types@1.2.16", "", { "dependencies": { "@types/node": "*" } }, "sha512-ciXLrHV4PXax9vHvUrkvun9VPVGOVwbbbBF/Ev1cXz12lyEZMoJpIJABOfPcN9gDJRaiKF9MVbSygLg4NXu3/A=="],

    "detect-libc": ["detect-libc@2.0.4", "", {}, "sha512-3UDv+G9CsCKO1WKMGw9fwq/SWJYbI0c5Y7LU1AXYoDdbhE2AHQ6N6Nb34sG8Fj7T5APy8qXDCKuuIHd1BR0tVA=="],

    "typescript": ["typescript@5.8.3", "", { "bin": { "tsc": "bin/tsc", "tsserver": "bin/tsserver" } }, "sha512-p1diW6TqL9L07nNxvRMM7hMMw4c5XOo/1ibL4aAIGmSAt9slTE1Xgw5KWuof2uTOvCg9BY7ZRi+GaF+7sfgPeQ=="],

    "undici-types": ["undici-types@6.21.0", "", {}, "sha512-iwDZqg0QAGrg9Rav5H4n0M64c3mkR59cJ6wQp+7C4nI0gsmExaedaYLNO44eT4AtBBwjbTiGPMlt2Md0T9H9JQ=="],
  }
}
